
Microsoft Visual Studio Solution File, Format Version 12.00
# Visual Studio Version 16
VisualStudioVersion = 25.0.1706.3
MinimumVisualStudioVersion = 10.0.40219.1
Project("{FAE04EC0-301F-11D3-BF4B-00C04F79EFBC}") = "BulkyWeb", "BulkyWeb.csproj", "{53C89A64-CE0A-4999-9A4B-C462079C5F14}"
EndProject
Global
	GlobalSection(SolutionConfigurationPlatforms) = preSolution
		Debug|Any CPU = Debug|Any CPU
		Release|Any CPU = Release|Any CPU
	EndGlobalSection
	GlobalSection(ProjectConfigurationPlatforms) = postSolution
		{53C89A64-CE0A-4999-9A4B-C462079C5F14}.Debug|Any CPU.ActiveCfg = Debug|Any CPU
		{53C89A64-CE0A-4999-9A4B-C462079C5F14}.Debug|Any CPU.Build.0 = Debug|Any CPU
		{53C89A64-CE0A-4999-9A4B-C462079C5F14}.Release|Any CPU.ActiveCfg = Release|Any CPU
		{53C89A64-CE0A-4999-9A4B-C462079C5F14}.Release|Any CPU.Build.0 = Release|Any CPU
	EndGlobalSection
	GlobalSection(SolutionProperties) = preSolution
		HideSolutionNode = FALSE
	EndGlobalSection
	GlobalSection(ExtensibilityGlobals) = postSolution
		SolutionGuid = {AB51E7B9-212E-4891-841D-84A151EF9CD1}
	EndGlobalSection
EndGlobal
